
Microsoft Visual Studio Solution File, Format Version 12.00
# Visual Studio Version 17
VisualStudioVersion = 17.10.34916.146
MinimumVisualStudioVersion = 10.0.40219.1
Project("{FAE04EC0-301F-11D3-BF4B-00C04F79EFBC}") = "Video_Chat", "Video_Chat\Video_Chat.csproj", "{2FB8CA04-7A3C-4048-97B3-3073D8730471}"
EndProject
Project("{E53339B2-1760-4266-BCC7-CA923CBCF16C}") = "docker-compose", "docker-compose.dcproj", "{122F2BB6-BC37-4F66-B090-9148DE735C5C}"
EndProject
Global
	GlobalSection(SolutionConfigurationPlatforms) = preSolution
		Debug|Any CPU = Debug|Any CPU
		Release|Any CPU = Release|Any CPU
	EndGlobalSection
	GlobalSection(ProjectConfigurationPlatforms) = postSolution
		{2FB8CA04-7A3C-4048-97B3-3073D8730471}.Debug|Any CPU.ActiveCfg = Debug|Any CPU
		{2FB8CA04-7A3C-4048-97B3-3073D8730471}.Debug|Any CPU.Build.0 = Debug|Any CPU
		{2FB8CA04-7A3C-4048-97B3-3073D8730471}.Release|Any CPU.ActiveCfg = Release|Any CPU
		{2FB8CA04-7A3C-4048-97B3-3073D8730471}.Release|Any CPU.Build.0 = Release|Any CPU
		{122F2BB6-BC37-4F66-B090-9148DE735C5C}.Debug|Any CPU.ActiveCfg = Debug|Any CPU
		{122F2BB6-BC37-4F66-B090-9148DE735C5C}.Debug|Any CPU.Build.0 = Debug|Any CPU
		{122F2BB6-BC37-4F66-B090-9148DE735C5C}.Release|Any CPU.ActiveCfg = Release|Any CPU
		{122F2BB6-BC37-4F66-B090-9148DE735C5C}.Release|Any CPU.Build.0 = Release|Any CPU
	EndGlobalSection
	GlobalSection(SolutionProperties) = preSolution
		HideSolutionNode = FALSE
	EndGlobalSection
	GlobalSection(ExtensibilityGlobals) = postSolution
		SolutionGuid = {620498B0-9709-4575-85F1-F313B259688C}
	EndGlobalSection
EndGlobal
